
Microsoft Visual Studio Solution File, Format Version 12.00
# Visual Studio Version 16
VisualStudioVersion = 16.0.31321.278
MinimumVisualStudioVersion = 10.0.40219.1
Project("{FAE04EC0-301F-11D3-BF4B-00C04F79EFBC}") = "TestUngDung", "TestUngDung\TestUngDung.csproj", "{47C63C56-C237-4C43-84E9-74B7865DCCDB}"
EndProject
Global
	GlobalSection(SolutionConfigurationPlatforms) = preSolution
		Debug|Any CPU = Debug|Any CPU
		Release|Any CPU = Release|Any CPU
	EndGlobalSection
	GlobalSection(ProjectConfigurationPlatforms) = postSolution
		{47C63C56-C237-4C43-84E9-74B7865DCCDB}.Debug|Any CPU.ActiveCfg = Debug|Any CPU
		{47C63C56-C237-4C43-84E9-74B7865DCCDB}.Debug|Any CPU.Build.0 = Debug|Any CPU
		{47C63C56-C237-4C43-84E9-74B7865DCCDB}.Release|Any CPU.ActiveCfg = Release|Any CPU
		{47C63C56-C237-4C43-84E9-74B7865DCCDB}.Release|Any CPU.Build.0 = Release|Any CPU
	EndGlobalSection
	GlobalSection(SolutionProperties) = preSolution
		HideSolutionNode = FALSE
	EndGlobalSection
	GlobalSection(ExtensibilityGlobals) = postSolution
		SolutionGuid = {3E49064F-0182-4848-BD90-A597A6CEDC26}
	EndGlobalSection
EndGlobal
